
Microsoft Visual Studio Solution File, Format Version 12.00
# Visual Studio 15
VisualStudioVersion = 15.0.27428.2037
MinimumVisualStudioVersion = 10.0.40219.1
Project("{9A19103F-16F7-4668-BE54-9A1E7A4F7556}") = "IsPaleoFood", "IsPaleoFood\IsPaleoFood.csproj", "{2C1E4B24-EA52-467D-B61E-D891667A3BC3}"
EndProject
Global
	GlobalSection(SolutionConfigurationPlatforms) = preSolution
		Debug|Any CPU = Debug|Any CPU
		Release|Any CPU = Release|Any CPU
	EndGlobalSection
	GlobalSection(ProjectConfigurationPlatforms) = postSolution
		{2C1E4B24-EA52-467D-B61E-D891667A3BC3}.Debug|Any CPU.ActiveCfg = Debug|Any CPU
		{2C1E4B24-EA52-467D-B61E-D891667A3BC3}.Debug|Any CPU.Build.0 = Debug|Any CPU
		{2C1E4B24-EA52-467D-B61E-D891667A3BC3}.Release|Any CPU.ActiveCfg = Release|Any CPU
		{2C1E4B24-EA52-467D-B61E-D891667A3BC3}.Release|Any CPU.Build.0 = Release|Any CPU
	EndGlobalSection
	GlobalSection(SolutionProperties) = preSolution
		HideSolutionNode = FALSE
	EndGlobalSection
	GlobalSection(ExtensibilityGlobals) = postSolution
		SolutionGuid = {1EB8DF41-E034-40C2-A7CB-DD3106981674}
	EndGlobalSection
EndGlobal
